
Microsoft Visual Studio Solution File, Format Version 12.00
# Visual Studio Version 16
VisualStudioVersion = 16.0.31702.278
MinimumVisualStudioVersion = 10.0.40219.1
Project("{FAE04EC0-301F-11D3-BF4B-00C04F79EFBC}") = "App1.Android", "App1\App1.Android\App1.Android.csproj", "{E5AF62A3-4501-459A-AFC1-7B95FB21B997}"
EndProject
Project("{FAE04EC0-301F-11D3-BF4B-00C04F79EFBC}") = "App1.iOS", "App1\App1.iOS\App1.iOS.csproj", "{55441A88-3F71-4DA9-9AD1-80CA2223380E}"
EndProject
Project("{FAE04EC0-301F-11D3-BF4B-00C04F79EFBC}") = "App1", "App1\App1\App1.csproj", "{5F5F15F3-345E-4FC7-B4F7-A7CA2A93778C}"
EndProject
Global
	GlobalSection(SolutionConfigurationPlatforms) = preSolution
		Debug|Any CPU = Debug|Any CPU
		Debug|iPhone = Debug|iPhone
		Debug|iPhoneSimulator = Debug|iPhoneSimulator
		Release|Any CPU = Release|Any CPU
		Release|iPhone = Release|iPhone
		Release|iPhoneSimulator = Release|iPhoneSimulator
	EndGlobalSection
	GlobalSection(ProjectConfigurationPlatforms) = postSolution
		{E5AF62A3-4501-459A-AFC1-7B95FB21B997}.Debug|Any CPU.ActiveCfg = Debug|Any CPU
		{E5AF62A3-4501-459A-AFC1-7B95FB21B997}.Debug|Any CPU.Build.0 = Debug|Any CPU
		{E5AF62A3-4501-459A-AFC1-7B95FB21B997}.Debug|Any CPU.Deploy.0 = Debug|Any CPU
		{E5AF62A3-4501-459A-AFC1-7B95FB21B997}.Debug|iPhone.ActiveCfg = Debug|Any CPU
		{E5AF62A3-4501-459A-AFC1-7B95FB21B997}.Debug|iPhone.Build.0 = Debug|Any CPU
		{E5AF62A3-4501-459A-AFC1-7B95FB21B997}.Debug|iPhone.Deploy.0 = Debug|Any CPU
		{E5AF62A3-4501-459A-AFC1-7B95FB21B997}.Debug|iPhoneSimulator.ActiveCfg = Debug|Any CPU
		{E5AF62A3-4501-459A-AFC1-7B95FB21B997}.Debug|iPhoneSimulator.Build.0 = Debug|Any CPU
		{E5AF62A3-4501-459A-AFC1-7B95FB21B997}.Debug|iPhoneSimulator.Deploy.0 = Debug|Any CPU
		{E5AF62A3-4501-459A-AFC1-7B95FB21B997}.Release|Any CPU.ActiveCfg = Release|Any CPU
		{E5AF62A3-4501-459A-AFC1-7B95FB21B997}.Release|Any CPU.Build.0 = Release|Any CPU
		{E5AF62A3-4501-459A-AFC1-7B95FB21B997}.Release|Any CPU.Deploy.0 = Release|Any CPU
		{E5AF62A3-4501-459A-AFC1-7B95FB21B997}.Release|iPhone.ActiveCfg = Release|Any CPU
		{E5AF62A3-4501-459A-AFC1-7B95FB21B997}.Release|iPhone.Build.0 = Release|Any CPU
		{E5AF62A3-4501-459A-AFC1-7B95FB21B997}.Release|iPhone.Deploy.0 = Release|Any CPU
		{E5AF62A3-4501-459A-AFC1-7B95FB21B997}.Release|iPhoneSimulator.ActiveCfg = Release|Any CPU
		{E5AF62A3-4501-459A-AFC1-7B95FB21B997}.Release|iPhoneSimulator.Build.0 = Release|Any CPU
		{E5AF62A3-4501-459A-AFC1-7B95FB21B997}.Release|iPhoneSimulator.Deploy.0 = Release|Any CPU
		{55441A88-3F71-4DA9-9AD1-80CA2223380E}.Debug|Any CPU.ActiveCfg = Debug|iPhone
		{55441A88-3F71-4DA9-9AD1-80CA2223380E}.Debug|Any CPU.Build.0 = Debug|iPhone
		{55441A88-3F71-4DA9-9AD1-80CA2223380E}.Debug|Any CPU.Deploy.0 = Debug|iPhone
		{55441A88-3F71-4DA9-9AD1-80CA2223380E}.Debug|iPhone.ActiveCfg = Debug|iPhone
		{55441A88-3F71-4DA9-9AD1-80CA2223380E}.Debug|iPhone.Build.0 = Debug|iPhone
		{55441A88-3F71-4DA9-9AD1-80CA2223380E}.Debug|iPhone.Deploy.0 = Debug|iPhone
		{55441A88-3F71-4DA9-9AD1-80CA2223380E}.Debug|iPhoneSimulator.ActiveCfg = Debug|iPhoneSimulator
		{55441A88-3F71-4DA9-9AD1-80CA2223380E}.Debug|iPhoneSimulator.Build.0 = Debug|iPhoneSimulator
		{55441A88-3F71-4DA9-9AD1-80CA2223380E}.Debug|iPhoneSimulator.Deploy.0 = Debug|iPhoneSimulator
		{55441A88-3F71-4DA9-9AD1-80CA2223380E}.Release|Any CPU.ActiveCfg = Release|iPhoneSimulator
		{55441A88-3F71-4DA9-9AD1-80CA2223380E}.Release|Any CPU.Build.0 = Release|iPhoneSimulator
		{55441A88-3F71-4DA9-9AD1-80CA2223380E}.Release|Any CPU.Deploy.0 = Release|iPhoneSimulator
		{55441A88-3F71-4DA9-9AD1-80CA2223380E}.Release|iPhone.ActiveCfg = Release|iPhone
		{55441A88-3F71-4DA9-9AD1-80CA2223380E}.Release|iPhone.Build.0 = Release|iPhone
		{55441A88-3F71-4DA9-9AD1-80CA2223380E}.Release|iPhone.Deploy.0 = Release|iPhone
		{55441A88-3F71-4DA9-9AD1-80CA2223380E}.Release|iPhoneSimulator.ActiveCfg = Release|iPhoneSimulator
		{55441A88-3F71-4DA9-9AD1-80CA2223380E}.Release|iPhoneSimulator.Build.0 = Release|iPhoneSimulator
		{55441A88-3F71-4DA9-9AD1-80CA2223380E}.Release|iPhoneSimulator.Deploy.0 = Release|iPhoneSimulator
		{5F5F15F3-345E-4FC7-B4F7-A7CA2A93778C}.Debug|Any CPU.ActiveCfg = Debug|Any CPU
		{5F5F15F3-345E-4FC7-B4F7-A7CA2A93778C}.Debug|Any CPU.Build.0 = Debug|Any CPU
		{5F5F15F3-345E-4FC7-B4F7-A7CA2A93778C}.Debug|Any CPU.Deploy.0 = Debug|Any CPU
		{5F5F15F3-345E-4FC7-B4F7-A7CA2A93778C}.Debug|iPhone.ActiveCfg = Debug|Any CPU
		{5F5F15F3-345E-4FC7-B4F7-A7CA2A93778C}.Debug|iPhone.Build.0 = Debug|Any CPU
		{5F5F15F3-345E-4FC7-B4F7-A7CA2A93778C}.Debug|iPhone.Deploy.0 = Debug|Any CPU
		{5F5F15F3-345E-4FC7-B4F7-A7CA2A93778C}.Debug|iPhoneSimulator.ActiveCfg = Debug|Any CPU
		{5F5F15F3-345E-4FC7-B4F7-A7CA2A93778C}.Debug|iPhoneSimulator.Build.0 = Debug|Any CPU
		{5F5F15F3-345E-4FC7-B4F7-A7CA2A93778C}.Debug|iPhoneSimulator.Deploy.0 = Debug|Any CPU
		{5F5F15F3-345E-4FC7-B4F7-A7CA2A93778C}.Release|Any CPU.ActiveCfg = Release|Any CPU
		{5F5F15F3-345E-4FC7-B4F7-A7CA2A93778C}.Release|Any CPU.Build.0 = Release|Any CPU
		{5F5F15F3-345E-4FC7-B4F7-A7CA2A93778C}.Release|Any CPU.Deploy.0 = Release|Any CPU
		{5F5F15F3-345E-4FC7-B4F7-A7CA2A93778C}.Release|iPhone.ActiveCfg = Release|Any CPU
		{5F5F15F3-345E-4FC7-B4F7-A7CA2A93778C}.Release|iPhone.Build.0 = Release|Any CPU
		{5F5F15F3-345E-4FC7-B4F7-A7CA2A93778C}.Release|iPhone.Deploy.0 = Release|Any CPU
		{5F5F15F3-345E-4FC7-B4F7-A7CA2A93778C}.Release|iPhoneSimulator.ActiveCfg = Release|Any CPU
		{5F5F15F3-345E-4FC7-B4F7-A7CA2A93778C}.Release|iPhoneSimulator.Build.0 = Release|Any CPU
		{5F5F15F3-345E-4FC7-B4F7-A7CA2A93778C}.Release|iPhoneSimulator.Deploy.0 = Release|Any CPU
	EndGlobalSection
	GlobalSection(SolutionProperties) = preSolution
		HideSolutionNode = FALSE
	EndGlobalSection
	GlobalSection(ExtensibilityGlobals) = postSolution
		SolutionGuid = {D248984F-FCC5-4FA0-AC0D-02A006D7E618}
	EndGlobalSection
EndGlobal
